
Microsoft Visual Studio Solution File, Format Version 12.00
# Visual Studio Version 16
VisualStudioVersion = 16.0.30804.86
MinimumVisualStudioVersion = 10.0.40219.1
Project("{FAE04EC0-301F-11D3-BF4B-00C04F79EFBC}") = "LargestPrimeFactor", "LargestPrimeFactor\LargestPrimeFactor.csproj", "{761342A8-9E09-4A0E-A77F-FFA4DAF990E6}"
EndProject
Global
	GlobalSection(SolutionConfigurationPlatforms) = preSolution
		Debug|Any CPU = Debug|Any CPU
		Release|Any CPU = Release|Any CPU
	EndGlobalSection
	GlobalSection(ProjectConfigurationPlatforms) = postSolution
		{761342A8-9E09-4A0E-A77F-FFA4DAF990E6}.Debug|Any CPU.ActiveCfg = Debug|Any CPU
		{761342A8-9E09-4A0E-A77F-FFA4DAF990E6}.Debug|Any CPU.Build.0 = Debug|Any CPU
		{761342A8-9E09-4A0E-A77F-FFA4DAF990E6}.Release|Any CPU.ActiveCfg = Release|Any CPU
		{761342A8-9E09-4A0E-A77F-FFA4DAF990E6}.Release|Any CPU.Build.0 = Release|Any CPU
	EndGlobalSection
	GlobalSection(SolutionProperties) = preSolution
		HideSolutionNode = FALSE
	EndGlobalSection
	GlobalSection(ExtensibilityGlobals) = postSolution
		SolutionGuid = {A3ECBFAA-ED97-4333-A3B1-CE4642C2DCF8}
	EndGlobalSection
EndGlobal
